dependencies:
- name: common
  repository: oci://registry-1.docker.io/bitnamicharts
  version: 2.30.0
- name: mysql
  repository: oci://registry-1.docker.io/bitnamicharts
  version: 12.3.2
- name: mariadb
  repository: oci://registry-1.docker.io/bitnamicharts
  version: 20.4.2
- name: postgresql
  repository: oci://registry-1.docker.io/bitnamicharts
  version: 16.5.6
digest: sha256:9aefbae1d35132b4c24c055ece2f50e4ba68c143f1ba4fe1268bfbdcde355ac4
generated: "2025-03-27T17:01:58.838744632-03:00"
